
Microsoft Visual Studio Solution File, Format Version 12.00
# Visual Studio Version 17
VisualStudioVersion = 17.0.31903.59
MinimumVisualStudioVersion = 10.0.40219.1
Project("{2150E333-8FDC-42A3-9474-1A3956D46DE8}") = "Integrations", "Integrations", "{F5583A0B-5FA9-4777-BDBB-15CA98E58748}"
EndProject
Project("{FAE04EC0-301F-11D3-BF4B-00C04F79EFBC}") = "Integrations", "Integrations\Integrations.csproj", "{A03BCA66-5D30-4466-A1FB-79A5606A0DBB}"
EndProject
Project("{FAE04EC0-301F-11D3-BF4B-00C04F79EFBC}") = "Importer", "Importer\Importer.csproj", "{529D400B-57FF-4D18-94EB-B8CC3042C020}"
EndProject
Global
	GlobalSection(SolutionConfigurationPlatforms) = preSolution
		Debug|Any CPU = Debug|Any CPU
		Release|Any CPU = Release|Any CPU
	EndGlobalSection
	GlobalSection(SolutionProperties) = preSolution
		HideSolutionNode = FALSE
	EndGlobalSection
	GlobalSection(ProjectConfigurationPlatforms) = postSolution
		{A03BCA66-5D30-4466-A1FB-79A5606A0DBB}.Debug|Any CPU.ActiveCfg = Debug|Any CPU
		{A03BCA66-5D30-4466-A1FB-79A5606A0DBB}.Debug|Any CPU.Build.0 = Debug|Any CPU
		{A03BCA66-5D30-4466-A1FB-79A5606A0DBB}.Release|Any CPU.ActiveCfg = Release|Any CPU
		{A03BCA66-5D30-4466-A1FB-79A5606A0DBB}.Release|Any CPU.Build.0 = Release|Any CPU
		{529D400B-57FF-4D18-94EB-B8CC3042C020}.Debug|Any CPU.ActiveCfg = Debug|Any CPU
		{529D400B-57FF-4D18-94EB-B8CC3042C020}.Debug|Any CPU.Build.0 = Debug|Any CPU
		{529D400B-57FF-4D18-94EB-B8CC3042C020}.Release|Any CPU.ActiveCfg = Release|Any CPU
		{529D400B-57FF-4D18-94EB-B8CC3042C020}.Release|Any CPU.Build.0 = Release|Any CPU
	EndGlobalSection
	GlobalSection(NestedProjects) = preSolution
		{A03BCA66-5D30-4466-A1FB-79A5606A0DBB} = {F5583A0B-5FA9-4777-BDBB-15CA98E58748}
	EndGlobalSection
EndGlobal
